
Microsoft Visual Studio Solution File, Format Version 12.00
# Visual Studio Version 17
VisualStudioVersion = 17.0.31903.59
MinimumVisualStudioVersion = 10.0.40219.1
Project("{FAE04EC0-301F-11D3-BF4B-00C04F79EFBC}") = "DreamGuard.BE.API", "DreamGuard.BE.API\DreamGuard.BE.API.csproj", "{5077CBC4-684F-4AD9-8FF4-C346E31E976C}"
EndProject
Project("{FAE04EC0-301F-11D3-BF4B-00C04F79EFBC}") = "DreamGuard.BE.DAL", "DreamGuard.BE.DAL\DreamGuard.BE.DAL.csproj", "{DCFFAA87-C759-4194-9579-98D934BA0E10}"
EndProject
Project("{FAE04EC0-301F-11D3-BF4B-00C04F79EFBC}") = "DreamGuard.BE.BLL", "DreamGuard.BE.BLL\DreamGuard.BE.BLL.csproj", "{7333D266-3F9E-4ACC-AD9A-DEF82F0FDA22}"
EndProject
Global
	GlobalSection(SolutionConfigurationPlatforms) = preSolution
		Debug|Any CPU = Debug|Any CPU
		Release|Any CPU = Release|Any CPU
	EndGlobalSection
	GlobalSection(ProjectConfigurationPlatforms) = postSolution
		{5077CBC4-684F-4AD9-8FF4-C346E31E976C}.Debug|Any CPU.ActiveCfg = Debug|Any CPU
		{5077CBC4-684F-4AD9-8FF4-C346E31E976C}.Debug|Any CPU.Build.0 = Debug|Any CPU
		{5077CBC4-684F-4AD9-8FF4-C346E31E976C}.Release|Any CPU.ActiveCfg = Release|Any CPU
		{5077CBC4-684F-4AD9-8FF4-C346E31E976C}.Release|Any CPU.Build.0 = Release|Any CPU
		{DCFFAA87-C759-4194-9579-98D934BA0E10}.Debug|Any CPU.ActiveCfg = Debug|Any CPU
		{DCFFAA87-C759-4194-9579-98D934BA0E10}.Debug|Any CPU.Build.0 = Debug|Any CPU
		{DCFFAA87-C759-4194-9579-98D934BA0E10}.Release|Any CPU.ActiveCfg = Release|Any CPU
		{DCFFAA87-C759-4194-9579-98D934BA0E10}.Release|Any CPU.Build.0 = Release|Any CPU
		{7333D266-3F9E-4ACC-AD9A-DEF82F0FDA22}.Debug|Any CPU.ActiveCfg = Debug|Any CPU
		{7333D266-3F9E-4ACC-AD9A-DEF82F0FDA22}.Debug|Any CPU.Build.0 = Debug|Any CPU
		{7333D266-3F9E-4ACC-AD9A-DEF82F0FDA22}.Release|Any CPU.ActiveCfg = Release|Any CPU
		{7333D266-3F9E-4ACC-AD9A-DEF82F0FDA22}.Release|Any CPU.Build.0 = Release|Any CPU
	EndGlobalSection
	GlobalSection(SolutionProperties) = preSolution
		HideSolutionNode = FALSE
	EndGlobalSection
	GlobalSection(ExtensibilityGlobals) = postSolution
		SolutionGuid = {86609D85-48D4-4C85-A6EE-70676C87BA46}
	EndGlobalSection
EndGlobal
